
Microsoft Visual Studio Solution File, Format Version 12.00
Project("{FAE04EC0-301F-11D3-BF4B-00C04F79EFBC}") = "todo-dotnet", "todo-dotnet\todo-dotnet.csproj", "{2834A37D-22EC-4B7E-A647-7C791DB3637E}"
EndProject
Global
	GlobalSection(SolutionConfigurationPlatforms) = preSolution
		Debug|Any CPU = Debug|Any CPU
		Release|Any CPU = Release|Any CPU
	EndGlobalSection
	GlobalSection(ProjectConfigurationPlatforms) = postSolution
		{2834A37D-22EC-4B7E-A647-7C791DB3637E}.Debug|Any CPU.ActiveCfg = Debug|Any CPU
		{2834A37D-22EC-4B7E-A647-7C791DB3637E}.Debug|Any CPU.Build.0 = Debug|Any CPU
		{2834A37D-22EC-4B7E-A647-7C791DB3637E}.Release|Any CPU.ActiveCfg = Release|Any CPU
		{2834A37D-22EC-4B7E-A647-7C791DB3637E}.Release|Any CPU.Build.0 = Release|Any CPU
	EndGlobalSection
EndGlobal
